// !$*UTF8*$!
{
	archiveVersion = 1;
	classes = {};
	objectVersion = 77;
	objects = {
		A10000000000000000000001 = {
			isa = PBXFileSystemSynchronizedRootGroup;
			path = Divi;
			sourceTree = "<group>";
		};
		A10000000000000000000002 = {
			isa = PBXFileSystemSynchronizedRootGroup;
			path = DiviTests;
			sourceTree = "<group>";
		};
		A10000000000000000000003 = {isa = PBXFileReference; explicitFileType = wrapper.application; includeInIndex = 0; path = Divi.app; sourceTree = BUILT_PRODUCTS_DIR; };
		A10000000000000000000004 = {isa = PBXFileReference; explicitFileType = wrapper.cfbundle; includeInIndex = 0; path = DiviTests.xctest; sourceTree = BUILT_PRODUCTS_DIR; };
		A10000000000000000000010 = {
			isa = PBXGroup;
			children = (A10000000000000000000001, A10000000000000000000002, A10000000000000000000011,);
			sourceTree = "<group>";
		};
		A10000000000000000000011 = {isa = PBXGroup; children = (A10000000000000000000003, A10000000000000000000004,); name = Products; sourceTree = "<group>"; };
		A10000000000000000000020 = {isa = PBXSourcesBuildPhase; buildActionMask = 2147483647; files = (); runOnlyForDeploymentPostprocessing = 0; };
		A10000000000000000000021 = {isa = PBXFrameworksBuildPhase; buildActionMask = 2147483647; files = (); runOnlyForDeploymentPostprocessing = 0; };
		A10000000000000000000022 = {isa = PBXResourcesBuildPhase; buildActionMask = 2147483647; files = (); runOnlyForDeploymentPostprocessing = 0; };
		A10000000000000000000023 = {isa = PBXSourcesBuildPhase; buildActionMask = 2147483647; files = (); runOnlyForDeploymentPostprocessing = 0; };
		A10000000000000000000024 = {isa = PBXFrameworksBuildPhase; buildActionMask = 2147483647; files = (); runOnlyForDeploymentPostprocessing = 0; };
		A10000000000000000000030 = {
			isa = PBXNativeTarget;
			buildConfigurationList = A10000000000000000000060;
			buildPhases = (A10000000000000000000020, A10000000000000000000021, A10000000000000000000022,);
			buildRules = ();
			dependencies = ();
			fileSystemSynchronizedGroups = (A10000000000000000000001,);
			name = Divi;
			packageProductDependencies = ();
			productName = Divi;
			productReference = A10000000000000000000003;
			productType = "com.apple.product-type.application";
		};
		A10000000000000000000031 = {
			isa = PBXNativeTarget;
			buildConfigurationList = A10000000000000000000061;
			buildPhases = (A10000000000000000000023, A10000000000000000000024,);
			buildRules = ();
			dependencies = (A10000000000000000000032,);
			fileSystemSynchronizedGroups = (A10000000000000000000002,);
			name = DiviTests;
			packageProductDependencies = ();
			productName = DiviTests;
			productReference = A10000000000000000000004;
			productType = "com.apple.product-type.bundle.unit-test";
		};
		A10000000000000000000032 = {isa = PBXTargetDependency; target = A10000000000000000000030; targetProxy = A10000000000000000000033; };
		A10000000000000000000033 = {isa = PBXContainerItemProxy; containerPortal = A10000000000000000000040; proxyType = 1; remoteGlobalIDString = A10000000000000000000030; remoteInfo = Divi; };
		A10000000000000000000040 = {
			isa = PBXProject;
			attributes = {BuildIndependentTargetsInParallel = 1; LastSwiftUpdateCheck = 2660; LastUpgradeCheck = 2660; TargetAttributes = {A10000000000000000000030 = {CreatedOnToolsVersion = 26.6;}; A10000000000000000000031 = {CreatedOnToolsVersion = 26.6; TestTargetID = A10000000000000000000030;};};};
			buildConfigurationList = A10000000000000000000062;
			compatibilityVersion = "Xcode 16.0";
			developmentRegion = en;
			hasScannedForEncodings = 0;
			knownRegions = (en, Base,);
			mainGroup = A10000000000000000000010;
			productRefGroup = A10000000000000000000011;
			projectDirPath = "";
			projectRoot = "";
			targets = (A10000000000000000000030, A10000000000000000000031,);
		};
		A10000000000000000000050 = {isa = XCBuildConfiguration; buildSettings = {ALWAYS_SEARCH_USER_PATHS = NO; CLANG_ENABLE_MODULES = YES; IPHONEOS_DEPLOYMENT_TARGET = 18.0; SDKROOT = iphoneos; SWIFT_VERSION = 6.0;}; name = Debug; };
		A10000000000000000000051 = {isa = XCBuildConfiguration; buildSettings = {ALWAYS_SEARCH_USER_PATHS = NO; CLANG_ENABLE_MODULES = YES; IPHONEOS_DEPLOYMENT_TARGET = 18.0; SDKROOT = iphoneos; SWIFT_VERSION = 6.0;}; name = Release; };
		A10000000000000000000052 = {isa = XCBuildConfiguration; buildSettings = {ASSETCATALOG_COMPILER_GENERATE_SWIFT_ASSET_SYMBOL_EXTENSIONS = YES; CODE_SIGN_STYLE = Automatic; CURRENT_PROJECT_VERSION = 1; DEVELOPMENT_TEAM = ""; ENABLE_TESTABILITY = YES; GENERATE_INFOPLIST_FILE = YES; INFOPLIST_KEY_CFBundleDisplayName = Divi; INFOPLIST_KEY_UILaunchScreen_Generation = YES; INFOPLIST_KEY_UIApplicationSceneManifest_Generation = YES; INFOPLIST_KEY_UISupportedInterfaceOrientations_iPhone = UIInterfaceOrientationPortrait; MARKETING_VERSION = 0.1.0; PRODUCT_BUNDLE_IDENTIFIER = com.divi.app; PRODUCT_NAME = "$(TARGET_NAME)"; SUPPORTED_PLATFORMS = "iphoneos iphonesimulator"; SWIFT_EMIT_LOC_STRINGS = YES; SWIFT_OPTIMIZATION_LEVEL = "-Onone"; TARGETED_DEVICE_FAMILY = 1;}; name = Debug; };
		A10000000000000000000053 = {isa = XCBuildConfiguration; buildSettings = {ASSETCATALOG_COMPILER_GENERATE_SWIFT_ASSET_SYMBOL_EXTENSIONS = YES; CODE_SIGN_STYLE = Automatic; CURRENT_PROJECT_VERSION = 1; DEVELOPMENT_TEAM = ""; GENERATE_INFOPLIST_FILE = YES; INFOPLIST_KEY_CFBundleDisplayName = Divi; INFOPLIST_KEY_UILaunchScreen_Generation = YES; INFOPLIST_KEY_UIApplicationSceneManifest_Generation = YES; INFOPLIST_KEY_UISupportedInterfaceOrientations_iPhone = UIInterfaceOrientationPortrait; MARKETING_VERSION = 0.1.0; PRODUCT_BUNDLE_IDENTIFIER = com.divi.app; PRODUCT_NAME = "$(TARGET_NAME)"; SUPPORTED_PLATFORMS = "iphoneos iphonesimulator"; SWIFT_EMIT_LOC_STRINGS = YES; TARGETED_DEVICE_FAMILY = 1;}; name = Release; };
		A10000000000000000000054 = {isa = XCBuildConfiguration; buildSettings = {BUNDLE_LOADER = "$(TEST_HOST)"; CODE_SIGN_STYLE = Automatic; GENERATE_INFOPLIST_FILE = YES; IPHONEOS_DEPLOYMENT_TARGET = 18.0; PRODUCT_BUNDLE_IDENTIFIER = com.divi.app.tests; PRODUCT_NAME = "$(TARGET_NAME)"; SWIFT_VERSION = 6.0; TARGETED_DEVICE_FAMILY = 1; TEST_HOST = "$(BUILT_PRODUCTS_DIR)/Divi.app/$(BUNDLE_EXECUTABLE_FOLDER_PATH)/Divi";}; name = Debug; };
		A10000000000000000000055 = {isa = XCBuildConfiguration; buildSettings = {BUNDLE_LOADER = "$(TEST_HOST)"; CODE_SIGN_STYLE = Automatic; GENERATE_INFOPLIST_FILE = YES; IPHONEOS_DEPLOYMENT_TARGET = 18.0; PRODUCT_BUNDLE_IDENTIFIER = com.divi.app.tests; PRODUCT_NAME = "$(TARGET_NAME)"; SWIFT_VERSION = 6.0; TARGETED_DEVICE_FAMILY = 1; TEST_HOST = "$(BUILT_PRODUCTS_DIR)/Divi.app/$(BUNDLE_EXECUTABLE_FOLDER_PATH)/Divi";}; name = Release; };
		A10000000000000000000060 = {isa = XCConfigurationList; buildConfigurations = (A10000000000000000000052, A10000000000000000000053,); defaultConfigurationIsVisible = 0; defaultConfigurationName = Release; };
		A10000000000000000000061 = {isa = XCConfigurationList; buildConfigurations = (A10000000000000000000054, A10000000000000000000055,); defaultConfigurationIsVisible = 0; defaultConfigurationName = Release; };
		A10000000000000000000062 = {isa = XCConfigurationList; buildConfigurations = (A10000000000000000000050, A10000000000000000000051,); defaultConfigurationIsVisible = 0; defaultConfigurationName = Release; };
	};
	rootObject = A10000000000000000000040;
}
